// !$*UTF8*$!
{
	archiveVersion = 1;
	classes = {
	};
	objectVersion = 46;
	objects = {

/* Begin PBXBuildFile section */
		525CB41C1C9B9C4100E9A819 /* main.m in Sources */ = {isa = PBXBuildFile; fileRef = 525CB41B1C9B9C4100E9A819 /* main.m */; };
		525CB41F1C9B9C4100E9A819 /* AppDelegate.m in Sources */ = {isa = PBXBuildFile; fileRef = 525CB41E1C9B9C4100E9A819 /* AppDelegate.m */; };
		525CB4221C9B9C4100E9A819 /* ViewController.m in Sources */ = {isa = PBXBuildFile; fileRef = 525CB4211C9B9C4100E9A819 /* ViewController.m */; };
		525CB4251C9B9C4100E9A819 /* Main.storyboard in Resources */ = {isa = PBXBuildFile; fileRef = 525CB4231C9B9C4100E9A819 /* Main.storyboard */; };
		525CB4281C9B9C4100E9A819 /* TCRaisedCenterTabBar_Demo.xcdatamodeld in Sources */ = {isa = PBXBuildFile; fileRef = 525CB4261C9B9C4100E9A819 /* TCRaisedCenterTabBar_Demo.xcdatamodeld */; };
		525CB42A1C9B9C4100E9A819 /* Assets.xcassets in Resources */ = {isa = PBXBuildFile; fileRef = 525CB4291C9B9C4100E9A819 /* Assets.xcassets */; };
		525CB42D1C9B9C4100E9A819 /* LaunchScreen.storyboard in Resources */ = {isa = PBXBuildFile; fileRef = 525CB42B1C9B9C4100E9A819 /* LaunchScreen.storyboard */; };
		525CB4381C9B9C4100E9A819 /* TCRaisedCenterTabBar_DemoTests.m in Sources */ = {isa = PBXBuildFile; fileRef = 525CB4371C9B9C4100E9A819 /* TCRaisedCenterTabBar_DemoTests.m */; };
		525CB4431C9B9C4100E9A819 /* TCRaisedCenterTabBar_DemoUITests.m in Sources */ = {isa = PBXBuildFile; fileRef = 525CB4421C9B9C4100E9A819 /* TCRaisedCenterTabBar_DemoUITests.m */; };
/* End PBXBuildFile section */

/* Begin PBXContainerItemProxy section */
		525CB4341C9B9C4100E9A819 /* PBXContainerItemProxy */ = {
			isa = PBXContainerItemProxy;
			containerPortal = 525CB40F1C9B9C4100E9A819 /* Project object */;
			proxyType = 1;
			remoteGlobalIDString = 525CB4161C9B9C4100E9A819;
			remoteInfo = TCRaisedCenterTabBar_Demo;
		};
		525CB43F1C9B9C4100E9A819 /* PBXContainerItemProxy */ = {
			isa = PBXContainerItemProxy;
			containerPortal = 525CB40F1C9B9C4100E9A819 /* Project object */;
			proxyType = 1;
			remoteGlobalIDString = 525CB4161C9B9C4100E9A819;
			remoteInfo = TCRaisedCenterTabBar_Demo;
		};
/* End PBXContainerItemProxy section */

/* Begin PBXFileReference section */
		525CB4171C9B9C4100E9A819 /* TCRaisedCenterTabBar_Demo.app */ = {isa = PBXFileReference; explicitFileType = wrapper.application; includeInIndex = 0; path = TCRaisedCenterTabBar_Demo.app; sourceTree = BUILT_PRODUCTS_DIR; };
		525CB41B1C9B9C4100E9A819 /* main.m */ = {isa = PBXFileReference; lastKnownFileType = sourcecode.c.objc; path = main.m; sourceTree = "<group>"; };
		525CB41D1C9B9C4100E9A819 /* AppDelegate.h */ = {isa = PBXFileReference; lastKnownFileType = sourcecode.c.h; path = AppDelegate.h; sourceTree = "<group>"; };
		525CB41E1C9B9C4100E9A819 /* AppDelegate.m */ = {isa = PBXFileReference; lastKnownFileType = sourcecode.c.objc; path = AppDelegate.m; sourceTree = "<group>"; };
		525CB4201C9B9C4100E9A819 /* ViewController.h */ = {isa = PBXFileReference; lastKnownFileType = sourcecode.c.h; path = ViewController.h; sourceTree = "<group>"; };
		525CB4211C9B9C4100E9A819 /* ViewController.m */ = {isa = PBXFileReference; lastKnownFileType = sourcecode.c.objc; path = ViewController.m; sourceTree = "<group>"; };
		525CB4241C9B9C4100E9A819 /* Base */ = {isa = PBXFileReference; lastKnownFileType = file.storyboard; name = Base; path = Base.lproj/Main.storyboard; sourceTree = "<group>"; };
		525CB4271C9B9C4100E9A819 /* TCRaisedCenterTabBar_Demo.xcdatamodel */ = {isa = PBXFileReference; lastKnownFileType = wrapper.xcdatamodel; path = TCRaisedCenterTabBar_Demo.xcdatamodel; sourceTree = "<group>"; };
		525CB4291C9B9C4100E9A819 /* Assets.xcassets */ = {isa = PBXFileReference; lastKnownFileType = folder.assetcatalog; path = Assets.xcassets; sourceTree = "<group>"; };
		525CB42C1C9B9C4100E9A819 /* Base */ = {isa = PBXFileReference; lastKnownFileType = file.storyboard; name = Base; path = Base.lproj/LaunchScreen.storyboard; sourceTree = "<group>"; };
		525CB42E1C9B9C4100E9A819 /* Info.plist */ = {isa = PBXFileReference; lastKnownFileType = text.plist.xml; path = Info.plist; sourceTree = "<group>"; };
		525CB4331C9B9C4100E9A819 /* TCRaisedCenterTabBar_DemoTests.xctest */ = {isa = PBXFileReference; explicitFileType = wrapper.cfbundle; includeInIndex = 0; path = TCRaisedCenterTabBar_DemoTests.xctest; sourceTree = BUILT_PRODUCTS_DIR; };
		525CB4371C9B9C4100E9A819 /* TCRaisedCenterTabBar_DemoTests.m */ = {isa = PBXFileReference; lastKnownFileType = sourcecode.c.objc; path = TCRaisedCenterTabBar_DemoTests.m; sourceTree = "<group>"; };
		525CB4391C9B9C4100E9A819 /* Info.plist */ = {isa = PBXFileReference; lastKnownFileType = text.plist.xml; path = Info.plist; sourceTree = "<group>"; };
		525CB43E1C9B9C4100E9A819 /* TCRaisedCenterTabBar_DemoUITests.xctest */ = {isa = PBXFileReference; explicitFileType = wrapper.cfbundle; includeInIndex = 0; path = TCRaisedCenterTabBar_DemoUITests.xctest; sourceTree = BUILT_PRODUCTS_DIR; };
		525CB4421C9B9C4100E9A819 /* TCRaisedCenterTabBar_DemoUITests.m */ = {isa = PBXFileReference; lastKnownFileType = sourcecode.c.objc; path = TCRaisedCenterTabBar_DemoUITests.m; sourceTree = "<group>"; };
		525CB4441C9B9C4100E9A819 /* Info.plist */ = {isa = PBXFileReference; lastKnownFileType = text.plist.xml; path = Info.plist; sourceTree = "<group>"; };
/* End PBXFileReference section */

/* Begin PBXFrameworksBuildPhase section */
		525CB4141C9B9C4100E9A819 /* Frameworks */ = {
			isa = PBXFrameworksBuildPhase;
			buildActionMask = 2147483647;
			files = (
			);
			runOnlyForDeploymentPostprocessing = 0;
		};
		525CB4301C9B9C4100E9A819 /* Frameworks */ = {
			isa = PBXFrameworksBuildPhase;
			buildActionMask = 2147483647;
			files = (
			);
			runOnlyForDeploymentPostprocessing = 0;
		};
		525CB43B1C9B9C4100E9A819 /* Frameworks */ = {
			isa = PBXFrameworksBuildPhase;
			buildActionMask = 2147483647;
			files = (
			);
			runOnlyForDeploymentPostprocessing = 0;
		};
/* End PBXFrameworksBuildPhase section */

/* Begin PBXGroup section */
		525CB40E1C9B9C4100E9A819 = {
			isa = PBXGroup;
			children = (
				525CB4191C9B9C4100E9A819 /* TCRaisedCenterTabBar_Demo */,
				525CB4361C9B9C4100E9A819 /* TCRaisedCenterTabBar_DemoTests */,
				525CB4411C9B9C4100E9A819 /* TCRaisedCenterTabBar_DemoUITests */,
				525CB4181C9B9C4100E9A819 /* Products */,
			);
			sourceTree = "<group>";
		};
		525CB4181C9B9C4100E9A819 /* Products */ = {
			isa = PBXGroup;
			children = (
				525CB4171C9B9C4100E9A819 /* TCRaisedCenterTabBar_Demo.app */,
				525CB4331C9B9C4100E9A819 /* TCRaisedCenterTabBar_DemoTests.xctest */,
				525CB43E1C9B9C4100E9A819 /* TCRaisedCenterTabBar_DemoUITests.xctest */,
			);
			name = Products;
			sourceTree = "<group>";
		};
		525CB4191C9B9C4100E9A819 /* TCRaisedCenterTabBar_Demo */ = {
			isa = PBXGroup;
			children = (
				525CB41D1C9B9C4100E9A819 /* AppDelegate.h */,
				525CB41E1C9B9C4100E9A819 /* AppDelegate.m */,
				525CB4201C9B9C4100E9A819 /* ViewController.h */,
				525CB4211C9B9C4100E9A819 /* ViewController.m */,
				525CB4231C9B9C4100E9A819 /* Main.storyboard */,
				525CB4291C9B9C4100E9A819 /* Assets.xcassets */,
				525CB42B1C9B9C4100E9A819 /* LaunchScreen.storyboard */,
				525CB42E1C9B9C4100E9A819 /* Info.plist */,
				525CB4261C9B9C4100E9A819 /* TCRaisedCenterTabBar_Demo.xcdatamodeld */,
				525CB41A1C9B9C4100E9A819 /* Supporting Files */,
			);
			path = TCRaisedCenterTabBar_Demo;
			sourceTree = "<group>";
		};
		525CB41A1C9B9C4100E9A819 /* Supporting Files */ = {
			isa = PBXGroup;
			children = (
				525CB41B1C9B9C4100E9A819 /* main.m */,
			);
			name = "Supporting Files";
			sourceTree = "<group>";
		};
		525CB4361C9B9C4100E9A819 /* TCRaisedCenterTabBar_DemoTests */ = {
			isa = PBXGroup;
			children = (
				525CB4371C9B9C4100E9A819 /* TCRaisedCenterTabBar_DemoTests.m */,
				525CB4391C9B9C4100E9A819 /* Info.plist */,
			);
			path = TCRaisedCenterTabBar_DemoTests;
			sourceTree = "<group>";
		};
		525CB4411C9B9C4100E9A819 /* TCRaisedCenterTabBar_DemoUITests */ = {
			isa = PBXGroup;
			children = (
				525CB4421C9B9C4100E9A819 /* TCRaisedCenterTabBar_DemoUITests.m */,
				525CB4441C9B9C4100E9A819 /* Info.plist */,
			);
			path = TCRaisedCenterTabBar_DemoUITests;
			sourceTree = "<group>";
		};
/* End PBXGroup section */

/* Begin PBXNativeTarget section */
		525CB4161C9B9C4100E9A819 /* TCRaisedCenterTabBar_Demo */ = {
			isa = PBXNativeTarget;
			buildConfigurationList = 525CB4471C9B9C4100E9A819 /* Build configuration list for PBXNativeTarget "TCRaisedCenterTabBar_Demo" */;
			buildPhases = (
				525CB4131C9B9C4100E9A819 /* Sources */,
				525CB4141C9B9C4100E9A819 /* Frameworks */,
				525CB4151C9B9C4100E9A819 /* Resources */,
			);
			buildRules = (
			);
			dependencies = (
			);
			name = TCRaisedCenterTabBar_Demo;
			productName = TCRaisedCenterTabBar_Demo;
			productReference = 525CB4171C9B9C4100E9A819 /* TCRaisedCenterTabBar_Demo.app */;
			productType = "com.apple.product-type.application";
		};
		525CB4321C9B9C4100E9A819 /* TCRaisedCenterTabBar_DemoTests */ = {
			isa = PBXNativeTarget;
			buildConfigurationList = 525CB44A1C9B9C4100E9A819 /* Build configuration list for PBXNativeTarget "TCRaisedCenterTabBar_DemoTests" */;
			buildPhases = (
				525CB42F1C9B9C4100E9A819 /* Sources */,
				525CB4301C9B9C4100E9A819 /* Frameworks */,
				525CB4311C9B9C4100E9A819 /* Resources */,
			);
			buildRules = (
			);
			dependencies = (
				525CB4351C9B9C4100E9A819 /* PBXTargetDependency */,
			);
			name = TCRaisedCenterTabBar_DemoTests;
			productName = TCRaisedCenterTabBar_DemoTests;
			productReference = 525CB4331C9B9C4100E9A819 /* TCRaisedCenterTabBar_DemoTests.xctest */;
			productType = "com.apple.product-type.bundle.unit-test";
		};
		525CB43D1C9B9C4100E9A819 /* TCRaisedCenterTabBar_DemoUITests */ = {
			isa = PBXNativeTarget;
			buildConfigurationList = 525CB44D1C9B9C4100E9A819 /* Build configuration list for PBXNativeTarget "TCRaisedCenterTabBar_DemoUITests" */;
			buildPhases = (
				525CB43A1C9B9C4100E9A819 /* Sources */,
				525CB43B1C9B9C4100E9A819 /* Frameworks */,
				525CB43C1C9B9C4100E9A819 /* Resources */,
			);
			buildRules = (
			);
			dependencies = (
				525CB4401C9B9C4100E9A819 /* PBXTargetDependency */,
			);
			name = TCRaisedCenterTabBar_DemoUITests;
			productName = TCRaisedCenterTabBar_DemoUITests;
			productReference = 525CB43E1C9B9C4100E9A819 /* TCRaisedCenterTabBar_DemoUITests.xctest */;
			productType = "com.apple.product-type.bundle.ui-testing";
		};
/* End PBXNativeTarget section */

/* Begin PBXProject section */
		525CB40F1C9B9C4100E9A819 /* Project object */ = {
			isa = PBXProject;
			attributes = {
				LastUpgradeCheck = 0720;
				ORGANIZATIONNAME = TailC;
				TargetAttributes = {
					525CB4161C9B9C4100E9A819 = {
						CreatedOnToolsVersion = 7.2;
					};
					525CB4321C9B9C4100E9A819 = {
						CreatedOnToolsVersion = 7.2;
						TestTargetID = 525CB4161C9B9C4100E9A819;
					};
					525CB43D1C9B9C4100E9A819 = {
						CreatedOnToolsVersion = 7.2;
						TestTargetID = 525CB4161C9B9C4100E9A819;
					};
				};
			};
			buildConfigurationList = 525CB4121C9B9C4100E9A819 /* Build configuration list for PBXProject "TCRaisedCenterTabBar_Demo" */;
			compatibilityVersion = "Xcode 3.2";
			developmentRegion = English;
			hasScannedForEncodings = 0;
			knownRegions = (
				en,
				Base,
			);
			mainGroup = 525CB40E1C9B9C4100E9A819;
			productRefGroup = 525CB4181C9B9C4100E9A819 /* Products */;
			projectDirPath = "";
			projectRoot = "";
			targets = (
				525CB4161C9B9C4100E9A819 /* TCRaisedCenterTabBar_Demo */,
				525CB4321C9B9C4100E9A819 /* TCRaisedCenterTabBar_DemoTests */,
				525CB43D1C9B9C4100E9A819 /* TCRaisedCenterTabBar_DemoUITests */,
			);
		};
/* End PBXProject section */

/* Begin PBXResourcesBuildPhase section */
		525CB4151C9B9C4100E9A819 /* Resources */ = {
			isa = PBXResourcesBuildPhase;
			buildActionMask = 2147483647;
			files = (
				525CB42D1C9B9C4100E9A819 /* LaunchScreen.storyboard in Resources */,
				525CB42A1C9B9C4100E9A819 /* Assets.xcassets in Resources */,
				525CB4251C9B9C4100E9A819 /* Main.storyboard in Resources */,
			);
			runOnlyForDeploymentPostprocessing = 0;
		};
		525CB4311C9B9C4100E9A819 /* Resources */ = {
			isa = PBXResourcesBuildPhase;
			buildActionMask = 2147483647;
			files = (
			);
			runOnlyForDeploymentPostprocessing = 0;
		};
		525CB43C1C9B9C4100E9A819 /* Resources */ = {
			isa = PBXResourcesBuildPhase;
			buildActionMask = 2147483647;
			files = (
			);
			runOnlyForDeploymentPostprocessing = 0;
		};
/* End PBXResourcesBuildPhase section */

/* Begin PBXSourcesBuildPhase section */
		525CB4131C9B9C4100E9A819 /* Sources */ = {
			isa = PBXSourcesBuildPhase;
			buildActionMask = 2147483647;
			files = (
				525CB4221C9B9C4100E9A819 /* ViewController.m in Sources */,
				525CB41F1C9B9C4100E9A819 /* AppDelegate.m in Sources */,
				525CB4281C9B9C4100E9A819 /* TCRaisedCenterTabBar_Demo.xcdatamodeld in Sources */,
				525CB41C1C9B9C4100E9A819 /* main.m in Sources */,
			);
			runOnlyForDeploymentPostprocessing = 0;
		};
		525CB42F1C9B9C4100E9A819 /* Sources */ = {
			isa = PBXSourcesBuildPhase;
			buildActionMask = 2147483647;
			files = (
				525CB4381C9B9C4100E9A819 /* TCRaisedCenterTabBar_DemoTests.m in Sources */,
			);
			runOnlyForDeploymentPostprocessing = 0;
		};
		525CB43A1C9B9C4100E9A819 /* Sources */ = {
			isa = PBXSourcesBuildPhase;
			buildActionMask = 2147483647;
			files = (
				525CB4431C9B9C4100E9A819 /* TCRaisedCenterTabBar_DemoUITests.m in Sources */,
			);
			runOnlyForDeploymentPostprocessing = 0;
		};
/* End PBXSourcesBuildPhase section */

/* Begin PBXTargetDependency section */
		525CB4351C9B9C4100E9A819 /* PBXTargetDependency */ = {
			isa = PBXTargetDependency;
			target = 525CB4161C9B9C4100E9A819 /* TCRaisedCenterTabBar_Demo */;
			targetProxy = 525CB4341C9B9C4100E9A819 /* PBXContainerItemProxy */;
		};
		525CB4401C9B9C4100E9A819 /* PBXTargetDependency */ = {
			isa = PBXTargetDependency;
			target = 525CB4161C9B9C4100E9A819 /* TCRaisedCenterTabBar_Demo */;
			targetProxy = 525CB43F1C9B9C4100E9A819 /* PBXContainerItemProxy */;
		};
/* End PBXTargetDependency section */

/* Begin PBXVariantGroup section */
		525CB4231C9B9C4100E9A819 /* Main.storyboard */ = {
			isa = PBXVariantGroup;
			children = (
				525CB4241C9B9C4100E9A819 /* Base */,
			);
			name = Main.storyboard;
			sourceTree = "<group>";
		};
		525CB42B1C9B9C4100E9A819 /* LaunchScreen.storyboard */ = {
			isa = PBXVariantGroup;
			children = (
				525CB42C1C9B9C4100E9A819 /* Base */,
			);
			name = LaunchScreen.storyboard;
			sourceTree = "<group>";
		};
/* End PBXVariantGroup section */

/* Begin XCBuildConfiguration section */
		525CB4451C9B9C4100E9A819 /* Debug */ = {
			isa = XCBuildConfiguration;
			buildSettings = {
				ALWAYS_SEARCH_USER_PATHS = NO;
				CLANG_CXX_LANGUAGE_STANDARD = "gnu++0x";
				CLANG_CXX_LIBRARY = "libc++";
				CLANG_ENABLE_MODULES = YES;
				CLANG_ENABLE_OBJC_ARC = YES;
				CLANG_WARN_BOOL_CONVERSION = YES;
				CLANG_WARN_CONSTANT_CONVERSION = YES;
				CLANG_WARN_DIRECT_OBJC_ISA_USAGE = YES_ERROR;
				CLANG_WARN_EMPTY_BODY = YES;
				CLANG_WARN_ENUM_CONVERSION = YES;
				CLANG_WARN_INT_CONVERSION = YES;
				CLANG_WARN_OBJC_ROOT_CLASS = YES_ERROR;
				CLANG_WARN_UNREACHABLE_CODE = YES;
				CLANG_WARN__DUPLICATE_METHOD_MATCH = YES;
				"CODE_SIGN_IDENTITY[sdk=iphoneos*]" = "iPhone Developer";
				COPY_PHASE_STRIP = NO;
				DEBUG_INFORMATION_FORMAT = dwarf;
				ENABLE_STRICT_OBJC_MSGSEND = YES;
				ENABLE_TESTABILITY = YES;
				GCC_C_LANGUAGE_STANDARD = gnu99;
				GCC_DYNAMIC_NO_PIC = NO;
				GCC_NO_COMMON_BLOCKS = YES;
				GCC_OPTIMIZATION_LEVEL = 0;
				GCC_PREPROCESSOR_DEFINITIONS = (
					"DEBUG=1",
					"$(inherited)",
				);
				GCC_WARN_64_TO_32_BIT_CONVERSION = YES;
				GCC_WARN_ABOUT_RETURN_TYPE = YES_ERROR;
				GCC_WARN_UNDECLARED_SELECTOR = YES;
				GCC_WARN_UNINITIALIZED_AUTOS = YES_AGGRESSIVE;
				GCC_WARN_UNUSED_FUNCTION = YES;
				GCC_WARN_UNUSED_VARIABLE = YES;
				IPHONEOS_DEPLOYMENT_TARGET = 9.2;
				MTL_ENABLE_DEBUG_INFO = YES;
				ONLY_ACTIVE_ARCH = YES;
				SDKROOT = iphoneos;
				TARGETED_DEVICE_FAMILY = "1,2";
			};
			name = Debug;
		};
		525CB4461C9B9C4100E9A819 /* Release */ = {
			isa = XCBuildConfiguration;
			buildSettings = {
				ALWAYS_SEARCH_USER_PATHS = NO;
				CLANG_CXX_LANGUAGE_STANDARD = "gnu++0x";
				CLANG_CXX_LIBRARY = "libc++";
				CLANG_ENABLE_MODULES = YES;
				CLANG_ENABLE_OBJC_ARC = YES;
				CLANG_WARN_BOOL_CONVERSION = YES;
				CLANG_WARN_CONSTANT_CONVERSION = YES;
				CLANG_WARN_DIRECT_OBJC_ISA_USAGE = YES_ERROR;
				CLANG_WARN_EMPTY_BODY = YES;
				CLANG_WARN_ENUM_CONVERSION = YES;
				CLANG_WARN_INT_CONVERSION = YES;
				CLANG_WARN_OBJC_ROOT_CLASS = YES_ERROR;
				CLANG_WARN_UNREACHABLE_CODE = YES;
				CLANG_WARN__DUPLICATE_METHOD_MATCH = YES;
				"CODE_SIGN_IDENTITY[sdk=iphoneos*]" = "iPhone Developer";
				COPY_PHASE_STRIP = NO;
				DEBUG_INFORMATION_FORMAT = "dwarf-with-dsym";
				ENABLE_NS_ASSERTIONS = NO;
				ENABLE_STRICT_OBJC_MSGSEND = YES;
				GCC_C_LANGUAGE_STANDARD = gnu99;
				GCC_NO_COMMON_BLOCKS = YES;
				GCC_WARN_64_TO_32_BIT_CONVERSION = YES;
				GCC_WARN_ABOUT_RETURN_TYPE = YES_ERROR;
				GCC_WARN_UNDECLARED_SELECTOR = YES;
				GCC_WARN_UNINITIALIZED_AUTOS = YES_AGGRESSIVE;
				GCC_WARN_UNUSED_FUNCTION = YES;
				GCC_WARN_UNUSED_VARIABLE = YES;
				IPHONEOS_DEPLOYMENT_TARGET = 9.2;
				MTL_ENABLE_DEBUG_INFO = NO;
				SDKROOT = iphoneos;
				TARGETED_DEVICE_FAMILY = "1,2";
				VALIDATE_PRODUCT = YES;
			};
			name = Release;
		};
		525CB4481C9B9C4100E9A819 /* Debug */ = {
			isa = XCBuildConfiguration;
			buildSettings = {
				ASSETCATALOG_COMPILER_APPICON_NAME = AppIcon;
				INFOPLIST_FILE = TCRaisedCenterTabBar_Demo/Info.plist;
				LD_RUNPATH_SEARCH_PATHS = "$(inherited) @executable_path/Frameworks";
				PRODUCT_BUNDLE_IDENTIFIER = "com.fangyouquan.TCRaisedCenterTabBar-Demo";
				PRODUCT_NAME = "$(TARGET_NAME)";
			};
			name = Debug;
		};
		525CB4491C9B9C4100E9A819 /* Release */ = {
			isa = XCBuildConfiguration;
			buildSettings = {
				ASSETCATALOG_COMPILER_APPICON_NAME = AppIcon;
				INFOPLIST_FILE = TCRaisedCenterTabBar_Demo/Info.plist;
				LD_RUNPATH_SEARCH_PATHS = "$(inherited) @executable_path/Frameworks";
				PRODUCT_BUNDLE_IDENTIFIER = "com.fangyouquan.TCRaisedCenterTabBar-Demo";
				PRODUCT_NAME = "$(TARGET_NAME)";
			};
			name = Release;
		};
		525CB44B1C9B9C4100E9A819 /* Debug */ = {
			isa = XCBuildConfiguration;
			buildSettings = {
				BUNDLE_LOADER = "$(TEST_HOST)";
				INFOPLIST_FILE = TCRaisedCenterTabBar_DemoTests/Info.plist;
				LD_RUNPATH_SEARCH_PATHS = "$(inherited) @executable_path/Frameworks @loader_path/Frameworks";
				PRODUCT_BUNDLE_IDENTIFIER = "com.fangyouquan.TCRaisedCenterTabBar-DemoTests";
				PRODUCT_NAME = "$(TARGET_NAME)";
				TEST_HOST = "$(BUILT_PRODUCTS_DIR)/TCRaisedCenterTabBar_Demo.app/TCRaisedCenterTabBar_Demo";
			};
			name = Debug;
		};
		525CB44C1C9B9C4100E9A819 /* Release */ = {
			isa = XCBuildConfiguration;
			buildSettings = {
				BUNDLE_LOADER = "$(TEST_HOST)";
				INFOPLIST_FILE = TCRaisedCenterTabBar_DemoTests/Info.plist;
				LD_RUNPATH_SEARCH_PATHS = "$(inherited) @executable_path/Frameworks @loader_path/Frameworks";
				PRODUCT_BUNDLE_IDENTIFIER = "com.fangyouquan.TCRaisedCenterTabBar-DemoTests";
				PRODUCT_NAME = "$(TARGET_NAME)";
				TEST_HOST = "$(BUILT_PRODUCTS_DIR)/TCRaisedCenterTabBar_Demo.app/TCRaisedCenterTabBar_Demo";
			};
			name = Release;
		};
		525CB44E1C9B9C4100E9A819 /* Debug */ = {
			isa = XCBuildConfiguration;
			buildSettings = {
				INFOPLIST_FILE = TCRaisedCenterTabBar_DemoUITests/Info.plist;
				LD_RUNPATH_SEARCH_PATHS = "$(inherited) @executable_path/Frameworks @loader_path/Frameworks";
				PRODUCT_BUNDLE_IDENTIFIER = "com.fangyouquan.TCRaisedCenterTabBar-DemoUITests";
				PRODUCT_NAME = "$(TARGET_NAME)";
				TEST_TARGET_NAME = TCRaisedCenterTabBar_Demo;
				USES_XCTRUNNER = YES;
			};
			name = Debug;
		};
		525CB44F1C9B9C4100E9A819 /* Release */ = {
			isa = XCBuildConfiguration;
			buildSettings = {
				INFOPLIST_FILE = TCRaisedCenterTabBar_DemoUITests/Info.plist;
				LD_RUNPATH_SEARCH_PATHS = "$(inherited) @executable_path/Frameworks @loader_path/Frameworks";
				PRODUCT_BUNDLE_IDENTIFIER = "com.fangyouquan.TCRaisedCenterTabBar-DemoUITests";
				PRODUCT_NAME = "$(TARGET_NAME)";
				TEST_TARGET_NAME = TCRaisedCenterTabBar_Demo;
				USES_XCTRUNNER = YES;
			};
			name = Release;
		};
/* End XCBuildConfiguration section */

/* Begin XCConfigurationList section */
		525CB4121C9B9C4100E9A819 /* Build configuration list for PBXProject "TCRaisedCenterTabBar_Demo" */ = {
			isa = XCConfigurationList;
			buildConfigurations = (
				525CB4451C9B9C4100E9A819 /* Debug */,
				525CB4461C9B9C4100E9A819 /* Release */,
			);
			defaultConfigurationIsVisible = 0;
			defaultConfigurationName = Release;
		};
		525CB4471C9B9C4100E9A819 /* Build configuration list for PBXNativeTarget "TCRaisedCenterTabBar_Demo" */ = {
			isa = XCConfigurationList;
			buildConfigurations = (
				525CB4481C9B9C4100E9A819 /* Debug */,
				525CB4491C9B9C4100E9A819 /* Release */,
			);
			defaultConfigurationIsVisible = 0;
		};
		525CB44A1C9B9C4100E9A819 /* Build configuration list for PBXNativeTarget "TCRaisedCenterTabBar_DemoTests" */ = {
			isa = XCConfigurationList;
			buildConfigurations = (
				525CB44B1C9B9C4100E9A819 /* Debug */,
				525CB44C1C9B9C4100E9A819 /* Release */,
			);
			defaultConfigurationIsVisible = 0;
		};
		525CB44D1C9B9C4100E9A819 /* Build configuration list for PBXNativeTarget "TCRaisedCenterTabBar_DemoUITests" */ = {
			isa = XCConfigurationList;
			buildConfigurations = (
				525CB44E1C9B9C4100E9A819 /* Debug */,
				525CB44F1C9B9C4100E9A819 /* Release */,
			);
			defaultConfigurationIsVisible = 0;
		};
/* End XCConfigurationList section */

/* Begin XCVersionGroup section */
		525CB4261C9B9C4100E9A819 /* TCRaisedCenterTabBar_Demo.xcdatamodeld */ = {
			isa = XCVersionGroup;
			children = (
				525CB4271C9B9C4100E9A819 /* TCRaisedCenterTabBar_Demo.xcdatamodel */,
			);
			currentVersion = 525CB4271C9B9C4100E9A819 /* TCRaisedCenterTabBar_Demo.xcdatamodel */;
			path = TCRaisedCenterTabBar_Demo.xcdatamodeld;
			sourceTree = "<group>";
			versionGroupType = wrapper.xcdatamodel;
		};
/* End XCVersionGroup section */
	};
	rootObject = 525CB40F1C9B9C4100E9A819 /* Project object */;
}
